
Microsoft Visual Studio Solution File, Format Version 12.00
# Visual Studio Version 16
VisualStudioVersion = 16.0.35425.106
MinimumVisualStudioVersion = 10.0.40219.1
Project("{9A19103F-16F7-4668-BE54-9A1E7A4F7556}") = "Library_Test_Task", "Library_Test_Task\Library_Test_Task.csproj", "{5E8292B2-0F7A-4F66-8B82-0B0070011F69}"
EndProject
Project("{9A19103F-16F7-4668-BE54-9A1E7A4F7556}") = "Library_Test_Task.DAL", "Library_Test_Task.DAL\Library_Test_Task.DAL.csproj", "{817F6A15-457E-4655-B60B-A84987E004E3}"
EndProject
Project("{FAE04EC0-301F-11D3-BF4B-00C04F79EFBC}") = "Library_Test_Task.Tests", "Library_Test_Task.Tests2\Library_Test_Task.Tests.csproj", "{7E477D5B-C036-4A6F-B670-37A3B1345A69}"
EndProject
Global
	GlobalSection(SolutionConfigurationPlatforms) = preSolution
		Debug|Any CPU = Debug|Any CPU
		Release|Any CPU = Release|Any CPU
	EndGlobalSection
	GlobalSection(ProjectConfigurationPlatforms) = postSolution
		{5E8292B2-0F7A-4F66-8B82-0B0070011F69}.Debug|Any CPU.ActiveCfg = Debug|Any CPU
		{5E8292B2-0F7A-4F66-8B82-0B0070011F69}.Debug|Any CPU.Build.0 = Debug|Any CPU
		{5E8292B2-0F7A-4F66-8B82-0B0070011F69}.Release|Any CPU.ActiveCfg = Release|Any CPU
		{5E8292B2-0F7A-4F66-8B82-0B0070011F69}.Release|Any CPU.Build.0 = Release|Any CPU
		{817F6A15-457E-4655-B60B-A84987E004E3}.Debug|Any CPU.ActiveCfg = Debug|Any CPU
		{817F6A15-457E-4655-B60B-A84987E004E3}.Debug|Any CPU.Build.0 = Debug|Any CPU
		{817F6A15-457E-4655-B60B-A84987E004E3}.Release|Any CPU.ActiveCfg = Release|Any CPU
		{817F6A15-457E-4655-B60B-A84987E004E3}.Release|Any CPU.Build.0 = Release|Any CPU
		{7E477D5B-C036-4A6F-B670-37A3B1345A69}.Debug|Any CPU.ActiveCfg = Debug|Any CPU
		{7E477D5B-C036-4A6F-B670-37A3B1345A69}.Debug|Any CPU.Build.0 = Debug|Any CPU
		{7E477D5B-C036-4A6F-B670-37A3B1345A69}.Release|Any CPU.ActiveCfg = Release|Any CPU
		{7E477D5B-C036-4A6F-B670-37A3B1345A69}.Release|Any CPU.Build.0 = Release|Any CPU
	EndGlobalSection
	GlobalSection(SolutionProperties) = preSolution
		HideSolutionNode = FALSE
	EndGlobalSection
	GlobalSection(ExtensibilityGlobals) = postSolution
		SolutionGuid = {FB139611-BBFE-4E8E-8613-F13E64058450}
	EndGlobalSection
EndGlobal
